PODS:
  - Alamofire (5.2.1)
  - Nuke (7.6.3)

DEPENDENCIES:
  - Alamofire (~> 5.2)
  - Nuke

SPEC REPOS:
  https://github.com/CocoaPods/Specs.git:
    - Nuke
  trunk:
    - Alamofire

SPEC CHECKSUMS:
  Alamofire: e911732990610fe89af59ac0077f923d72dc3dfd
  Nuke: 44130e95e09463f8773ae4b96b90de1eba6b3350

PODFILE CHECKSUM: aafeade504c4e27cc2d0f5088dcc4f3b975c48d5

COCOAPODS: 1.9.3
